
Microsoft Visual Studio Solution File, Format Version 12.00
# Visual Studio Version 17
VisualStudioVersion = 17.10.34818.151
MinimumVisualStudioVersion = 10.0.40219.1
Project("{FAE04EC0-301F-11D3-BF4B-00C04F79EFBC}") = "WebApplication4", "WebApplication4\WebApplication4.csproj", "{119EDD98-5B6E-4CBB-B732-364DB70C9264}"
EndProject
Global
	GlobalSection(SolutionConfigurationPlatforms) = preSolution
		Debug|Any CPU = Debug|Any CPU
		Release|Any CPU = Release|Any CPU
	EndGlobalSection
	GlobalSection(ProjectConfigurationPlatforms) = postSolution
		{119EDD98-5B6E-4CBB-B732-364DB70C9264}.Debug|Any CPU.ActiveCfg = Debug|Any CPU
		{119EDD98-5B6E-4CBB-B732-364DB70C9264}.Debug|Any CPU.Build.0 = Debug|Any CPU
		{119EDD98-5B6E-4CBB-B732-364DB70C9264}.Release|Any CPU.ActiveCfg = Release|Any CPU
		{119EDD98-5B6E-4CBB-B732-364DB70C9264}.Release|Any CPU.Build.0 = Release|Any CPU
	EndGlobalSection
	GlobalSection(SolutionProperties) = preSolution
		HideSolutionNode = FALSE
	EndGlobalSection
	GlobalSection(ExtensibilityGlobals) = postSolution
		SolutionGuid = {C90BCA55-3F43-4D9E-A9E8-4D25DA9BD9F4}
	EndGlobalSection
EndGlobal
